<?xml version="1.0" encoding="utf-8"?>
<Project ToolsVersion="4.0" xmlns="http://schemas.microsoft.com/developer/msbuild/2003">
  <ItemGroup>
    <Filter Include="原始程式檔">
      <UniqueIdentifier>{4FC737F1-C7A5-4376-A066-2A32D752A2FF}</UniqueIdentifier>
      <Extensions>cpp;c;cc;cxx;def;odl;idl;hpj;bat;asm;asmx</Extensions>
    </Filter>
    <Filter Include="標頭檔">
      <UniqueIdentifier>{93995380-89BD-4b04-88EB-625FBE52EBFB}</UniqueIdentifier>
      <Extensions>h;hh;hpp;hxx;hm;inl;inc;xsd</Extensions>
    </Filter>
    <Filter Include="資源檔">
      <UniqueIdentifier>{67DA6AB6-F800-4c08-8B7A-83BB121AAD01}</UniqueIdentifier>
      <Extensions>rc;ico;cur;bmp;dlg;rc2;rct;bin;rgs;gif;jpg;jpeg;jpe;resx;tiff;tif;png;wav;mfcribbon-ms</Extensions>
    </Filter>
  </ItemGroup>
  <ItemGroup>
    <ClCompile Include="Main.cpp">
      <Filter>原始程式檔</Filter>
    </ClCompile>
    <ClCompile Include="Primitives\ShapeGenerator.cpp">
      <Filter>原始程式檔</Filter>
    </ClCompile>
    <ClCompile Include="Camera.cpp">
      <Filter>原始程式檔</Filter>
    </ClCompile>
    <ClCompile Include="InputControl.cpp">
      <Filter>原始程式檔</Filter>
    </ClCompile>
    <ClCompile Include="CommonFunction\ObjLoader.cpp">
      <Filter>原始程式檔</Filter>
    </ClCompile>
    <ClCompile Include="CommonFunction\DDSLoader.cpp">
      <Filter>原始程式檔</Filter>
    </ClCompile>
    <ClCompile Include="GameObject.cpp">
      <Filter>原始程式檔</Filter>
    </ClCompile>
    <ClCompile Include="Geometry\Mesh.cpp">
      <Filter>原始程式檔</Filter>
    </ClCompile>
    <ClCompile Include="Geometry\Material.cpp">
      <Filter>原始程式檔</Filter>
    </ClCompile>
    <ClCompile Include="Geometry\Shader.cpp">
      <Filter>原始程式檔</Filter>
    </ClCompile>
    <ClCompile Include="MousePicker.cpp">
      <Filter>原始程式檔</Filter>
    </ClCompile>
    <ClCompile Include="BoundingBox.cpp">
      <Filter>原始程式檔</Filter>
    </ClCompile>
    <ClCompile Include="CollisionDetection\CollisionDetection.cpp">
      <Filter>原始程式檔</Filter>
    </ClCompile>
    <ClCompile Include="CollisionDetection\OcTreeNode.cpp">
      <Filter>原始程式檔</Filter>
    </ClCompile>
    <ClCompile Include="GameObjects\GroundObject.cpp">
      <Filter>原始程式檔</Filter>
    </ClCompile>
  </ItemGroup>
  <ItemGroup>
    <ClInclude Include="resource.h">
      <Filter>標頭檔</Filter>
    </ClInclude>
    <ClInclude Include="Primitives\Vertex.h">
      <Filter>原始程式檔</Filter>
    </ClInclude>
    <ClInclude Include="Primitives\ShapeData.h">
      <Filter>標頭檔</Filter>
    </ClInclude>
    <ClInclude Include="Primitives\ShapeGenerator.h">
      <Filter>標頭檔</Filter>
    </ClInclude>
    <ClInclude Include="Camera.h">
      <Filter>標頭檔</Filter>
    </ClInclude>
    <ClInclude Include="InputControl.h">
      <Filter>標頭檔</Filter>
    </ClInclude>
    <ClInclude Include="CommonFunction\ObjLoader.h">
      <Filter>標頭檔</Filter>
    </ClInclude>
    <ClInclude Include="CommonFunction\DDSLoader.h">
      <Filter>標頭檔</Filter>
    </ClInclude>
    <ClInclude Include="GameObject.h">
      <Filter>標頭檔</Filter>
    </ClInclude>
    <ClInclude Include="Geometry\Mesh.h">
      <Filter>標頭檔</Filter>
    </ClInclude>
    <ClInclude Include="Geometry\Material.h">
      <Filter>標頭檔</Filter>
    </ClInclude>
    <ClInclude Include="Geometry\Shader.h">
      <Filter>標頭檔</Filter>
    </ClInclude>
    <ClInclude Include="MousePicker.h">
      <Filter>標頭檔</Filter>
    </ClInclude>
    <ClInclude Include="BoundingBox.h">
      <Filter>標頭檔</Filter>
    </ClInclude>
    <ClInclude Include="CollisionDetection\CollisionDetection.h">
      <Filter>標頭檔</Filter>
    </ClInclude>
    <ClInclude Include="CollisionDetection\OcTreeNode.h">
      <Filter>標頭檔</Filter>
    </ClInclude>
    <ClInclude Include="GameObjects\GroundObject.h">
      <Filter>標頭檔</Filter>
    </ClInclude>
  </ItemGroup>
  <ItemGroup>
    <ResourceCompile Include="YTWorld.rc">
      <Filter>資源檔</Filter>
    </ResourceCompile>
  </ItemGroup>
</Project>